
Microsoft Visual Studio Solution File, Format Version 12.00
# Visual Studio Version 16
VisualStudioVersion = 16.0.31424.327
MinimumVisualStudioVersion = 10.0.40219.1
Project("{888888A0-9F3D-457C-B088-3A5042F75D52}") = "blankFlaskApp", "blankFlaskApp.pyproj", "{57E7C4CB-DCDF-44E9-9601-7868D34A2AEA}"
EndProject
Global
	GlobalSection(SolutionConfigurationPlatforms) = preSolution
		Debug|Any CPU = Debug|Any CPU
		Release|Any CPU = Release|Any CPU
	EndGlobalSection
	GlobalSection(ProjectConfigurationPlatforms) = postSolution
		{57E7C4CB-DCDF-44E9-9601-7868D34A2AEA}.Debug|Any CPU.ActiveCfg = Debug|Any CPU
		{57E7C4CB-DCDF-44E9-9601-7868D34A2AEA}.Debug|Any CPU.Build.0 = Debug|Any CPU
		{57E7C4CB-DCDF-44E9-9601-7868D34A2AEA}.Release|Any CPU.ActiveCfg = Release|Any CPU
		{57E7C4CB-DCDF-44E9-9601-7868D34A2AEA}.Release|Any CPU.Build.0 = Release|Any CPU
	EndGlobalSection
	GlobalSection(SolutionProperties) = preSolution
		HideSolutionNode = FALSE
	EndGlobalSection
	GlobalSection(ExtensibilityGlobals) = postSolution
		SolutionGuid = {45D07732-D44C-4D27-BFC2-781FFB75BF92}
	EndGlobalSection
EndGlobal
